
Microsoft Visual Studio Solution File, Format Version 12.00
# Visual Studio Version 17
VisualStudioVersion = 17.1.32421.90
MinimumVisualStudioVersion = 10.0.40219.1
Project("{FAE04EC0-301F-11D3-BF4B-00C04F79EFBC}") = "1-primeira-classe", "1-primeira-classe\1-primeira-classe.csproj", "{BB5200C8-CECD-4ADF-BB3E-6B3FD93C06F9}"
EndProject
Project("{FAE04EC0-301F-11D3-BF4B-00C04F79EFBC}") = "02-ByteBank", "02-ByteBank\02-ByteBank.csproj", "{F68DDFE4-71BD-4320-A7C2-AB3B6AB2A481}"
EndProject
Project("{FAE04EC0-301F-11D3-BF4B-00C04F79EFBC}") = "3-ByteBank", "3-ByteBank\3-ByteBank.csproj", "{B5F9D6C2-65AC-4FD2-9971-DECC461760ED}"
EndProject
Project("{FAE04EC0-301F-11D3-BF4B-00C04F79EFBC}") = "04-ByteBank", "04-ByteBank\04-ByteBank.csproj", "{41CEFACA-377C-4123-8B69-2B4D63C3EAD5}"
EndProject
Project("{FAE04EC0-301F-11D3-BF4B-00C04F79EFBC}") = "05-ByteBank", "05-ByteBank\05-ByteBank.csproj", "{D08CC3E0-24B9-4D9A-A34B-BD930E95BAF0}"
EndProject
Project("{FAE04EC0-301F-11D3-BF4B-00C04F79EFBC}") = "06-ByteBank", "06-ByteBank\06-ByteBank.csproj", "{D115A043-D1DC-4CA0-AD11-00DFB3308496}"
EndProject
Project("{FAE04EC0-301F-11D3-BF4B-00C04F79EFBC}") = "07-ByteBank", "07-ByteBank\07-ByteBank.csproj", "{0705D9C3-955C-4AB0-A9CE-0D41F9B8AF63}"
EndProject
Global
	GlobalSection(SolutionConfigurationPlatforms) = preSolution
		Debug|Any CPU = Debug|Any CPU
		Release|Any CPU = Release|Any CPU
	EndGlobalSection
	GlobalSection(ProjectConfigurationPlatforms) = postSolution
		{BB5200C8-CECD-4ADF-BB3E-6B3FD93C06F9}.Debug|Any CPU.ActiveCfg = Debug|Any CPU
		{BB5200C8-CECD-4ADF-BB3E-6B3FD93C06F9}.Debug|Any CPU.Build.0 = Debug|Any CPU
		{BB5200C8-CECD-4ADF-BB3E-6B3FD93C06F9}.Release|Any CPU.ActiveCfg = Release|Any CPU
		{BB5200C8-CECD-4ADF-BB3E-6B3FD93C06F9}.Release|Any CPU.Build.0 = Release|Any CPU
		{F68DDFE4-71BD-4320-A7C2-AB3B6AB2A481}.Debug|Any CPU.ActiveCfg = Debug|Any CPU
		{F68DDFE4-71BD-4320-A7C2-AB3B6AB2A481}.Debug|Any CPU.Build.0 = Debug|Any CPU
		{F68DDFE4-71BD-4320-A7C2-AB3B6AB2A481}.Release|Any CPU.ActiveCfg = Release|Any CPU
		{F68DDFE4-71BD-4320-A7C2-AB3B6AB2A481}.Release|Any CPU.Build.0 = Release|Any CPU
		{B5F9D6C2-65AC-4FD2-9971-DECC461760ED}.Debug|Any CPU.ActiveCfg = Debug|Any CPU
		{B5F9D6C2-65AC-4FD2-9971-DECC461760ED}.Debug|Any CPU.Build.0 = Debug|Any CPU
		{B5F9D6C2-65AC-4FD2-9971-DECC461760ED}.Release|Any CPU.ActiveCfg = Release|Any CPU
		{B5F9D6C2-65AC-4FD2-9971-DECC461760ED}.Release|Any CPU.Build.0 = Release|Any CPU
		{41CEFACA-377C-4123-8B69-2B4D63C3EAD5}.Debug|Any CPU.ActiveCfg = Debug|Any CPU
		{41CEFACA-377C-4123-8B69-2B4D63C3EAD5}.Debug|Any CPU.Build.0 = Debug|Any CPU
		{41CEFACA-377C-4123-8B69-2B4D63C3EAD5}.Release|Any CPU.ActiveCfg = Release|Any CPU
		{41CEFACA-377C-4123-8B69-2B4D63C3EAD5}.Release|Any CPU.Build.0 = Release|Any CPU
		{D08CC3E0-24B9-4D9A-A34B-BD930E95BAF0}.Debug|Any CPU.ActiveCfg = Debug|Any CPU
		{D08CC3E0-24B9-4D9A-A34B-BD930E95BAF0}.Debug|Any CPU.Build.0 = Debug|Any CPU
		{D08CC3E0-24B9-4D9A-A34B-BD930E95BAF0}.Release|Any CPU.ActiveCfg = Release|Any CPU
		{D08CC3E0-24B9-4D9A-A34B-BD930E95BAF0}.Release|Any CPU.Build.0 = Release|Any CPU
		{D115A043-D1DC-4CA0-AD11-00DFB3308496}.Debug|Any CPU.ActiveCfg = Debug|Any CPU
		{D115A043-D1DC-4CA0-AD11-00DFB3308496}.Debug|Any CPU.Build.0 = Debug|Any CPU
		{D115A043-D1DC-4CA0-AD11-00DFB3308496}.Release|Any CPU.ActiveCfg = Release|Any CPU
		{D115A043-D1DC-4CA0-AD11-00DFB3308496}.Release|Any CPU.Build.0 = Release|Any CPU
		{0705D9C3-955C-4AB0-A9CE-0D41F9B8AF63}.Debug|Any CPU.ActiveCfg = Debug|Any CPU
		{0705D9C3-955C-4AB0-A9CE-0D41F9B8AF63}.Debug|Any CPU.Build.0 = Debug|Any CPU
		{0705D9C3-955C-4AB0-A9CE-0D41F9B8AF63}.Release|Any CPU.ActiveCfg = Release|Any CPU
		{0705D9C3-955C-4AB0-A9CE-0D41F9B8AF63}.Release|Any CPU.Build.0 = Release|Any CPU
	EndGlobalSection
	GlobalSection(SolutionProperties) = preSolution
		HideSolutionNode = FALSE
	EndGlobalSection
	GlobalSection(ExtensibilityGlobals) = postSolution
		SolutionGuid = {9F432D52-CE67-4300-A511-5F442E53D852}
	EndGlobalSection
EndGlobal
